
Microsoft Visual Studio Solution File, Format Version 12.00
# Visual Studio 2012
Project("{FAE04EC0-301F-11D3-BF4B-00C04F79EFBC}") = "TaskDemo.DataLayer", "TaskDemo.DataLayer\TaskDemo.DataLayer.csproj", "{01EAF67D-CBDF-4006-AB81-0789916AED87}"
EndProject
Project("{FAE04EC0-301F-11D3-BF4B-00C04F79EFBC}") = "TaskDemo.Entities", "TaskDemo.Entities\TaskDemo.Entities.csproj", "{F495A81F-B929-42E7-860E-B055F7A1F16A}"
EndProject
Project("{FAE04EC0-301F-11D3-BF4B-00C04F79EFBC}") = "TaskDemo.ConsoleApplication", "TaskDemo.ConsoleApplication\TaskDemo.ConsoleApplication.csproj", "{9EB7F4CC-FFB7-4D47-BFA4-D1D9120EDF80}"
EndProject
Global
	GlobalSection(SolutionConfigurationPlatforms) = preSolution
		Debug|Any CPU = Debug|Any CPU
		Release|Any CPU = Release|Any CPU
	EndGlobalSection
	GlobalSection(ProjectConfigurationPlatforms) = postSolution
		{01EAF67D-CBDF-4006-AB81-0789916AED87}.Debug|Any CPU.ActiveCfg = Debug|Any CPU
		{01EAF67D-CBDF-4006-AB81-0789916AED87}.Debug|Any CPU.Build.0 = Debug|Any CPU
		{01EAF67D-CBDF-4006-AB81-0789916AED87}.Release|Any CPU.ActiveCfg = Release|Any CPU
		{01EAF67D-CBDF-4006-AB81-0789916AED87}.Release|Any CPU.Build.0 = Release|Any CPU
		{F495A81F-B929-42E7-860E-B055F7A1F16A}.Debug|Any CPU.ActiveCfg = Debug|Any CPU
		{F495A81F-B929-42E7-860E-B055F7A1F16A}.Debug|Any CPU.Build.0 = Debug|Any CPU
		{F495A81F-B929-42E7-860E-B055F7A1F16A}.Release|Any CPU.ActiveCfg = Release|Any CPU
		{F495A81F-B929-42E7-860E-B055F7A1F16A}.Release|Any CPU.Build.0 = Release|Any CPU
		{9EB7F4CC-FFB7-4D47-BFA4-D1D9120EDF80}.Debug|Any CPU.ActiveCfg = Debug|Any CPU
		{9EB7F4CC-FFB7-4D47-BFA4-D1D9120EDF80}.Debug|Any CPU.Build.0 = Debug|Any CPU
		{9EB7F4CC-FFB7-4D47-BFA4-D1D9120EDF80}.Release|Any CPU.ActiveCfg = Release|Any CPU
		{9EB7F4CC-FFB7-4D47-BFA4-D1D9120EDF80}.Release|Any CPU.Build.0 = Release|Any CPU
	EndGlobalSection
	GlobalSection(SolutionProperties) = preSolution
		HideSolutionNode = FALSE
	EndGlobalSection
EndGlobal
